// !$*UTF8*$!
{
	archiveVersion = 1;
	classes = {
	};
	objectVersion = 46;
	objects = {

/* Begin PBXBuildFile section */
		88536B0A1DEB6E94004E96D3 /* AddPostVC.swift in Sources */ = {isa = PBXBuildFile; fileRef = 88536B091DEB6E94004E96D3 /* AddPostVC.swift */; };
		88536B0C1DEB6EB4004E96D3 /* PostCell.swift in Sources */ = {isa = PBXBuildFile; fileRef = 88536B0B1DEB6EB4004E96D3 /* PostCell.swift */; };
		88536B0E1DEB6EC2004E96D3 /* Post.swift in Sources */ = {isa = PBXBuildFile; fileRef = 88536B0D1DEB6EC2004E96D3 /* Post.swift */; };
		88536B101DEB6ED1004E96D3 /* DataService.swift in Sources */ = {isa = PBXBuildFile; fileRef = 88536B0F1DEB6ED1004E96D3 /* DataService.swift */; };
		88536B121DEB7268004E96D3 /* PersonalDiaryVC.swift in Sources */ = {isa = PBXBuildFile; fileRef = 88536B111DEB7268004E96D3 /* PersonalDiaryVC.swift */; };
		888489BB1DF1F9FF00E4C7F7 /* excerciseVC.swift in Sources */ = {isa = PBXBuildFile; fileRef = 888489BA1DF1F9FF00E4C7F7 /* excerciseVC.swift */; };
		888489BD1DF1FDB700E4C7F7 /* gifFramework.swift in Sources */ = {isa = PBXBuildFile; fileRef = 888489BC1DF1FDB700E4C7F7 /* gifFramework.swift */; };
		888489BF1DF1FE4300E4C7F7 /* breath.gif in Resources */ = {isa = PBXBuildFile; fileRef = 888489BE1DF1FE4300E4C7F7 /* breath.gif */; };
		888489C11DF2193800E4C7F7 /* breathfold.gif in Resources */ = {isa = PBXBuildFile; fileRef = 888489C01DF2193800E4C7F7 /* breathfold.gif */; };
		888489C51DF219B000E4C7F7 /* BreathFOLD(EX2).swift in Sources */ = {isa = PBXBuildFile; fileRef = 888489C41DF219B000E4C7F7 /* BreathFOLD(EX2).swift */; };
		888489C71DF229C900E4C7F7 /* 123.gif in Resources */ = {isa = PBXBuildFile; fileRef = 888489C61DF229C800E4C7F7 /* 123.gif */; };
		88E59D0B1DDCBF5D00CFBCC3 /* AppDelegate.swift in Sources */ = {isa = PBXBuildFile; fileRef = 88E59D0A1DDCBF5D00CFBCC3 /* AppDelegate.swift */; };
		88E59D0D1DDCBF5D00CFBCC3 /* ViewController.swift in Sources */ = {isa = PBXBuildFile; fileRef = 88E59D0C1DDCBF5D00CFBCC3 /* ViewController.swift */; };
		88E59D101DDCBF5D00CFBCC3 /* Main.storyboard in Resources */ = {isa = PBXBuildFile; fileRef = 88E59D0E1DDCBF5D00CFBCC3 /* Main.storyboard */; };
		88E59D121DDCBF5D00CFBCC3 /* Assets.xcassets in Resources */ = {isa = PBXBuildFile; fileRef = 88E59D111DDCBF5D00CFBCC3 /* Assets.xcassets */; };
		88E59D151DDCBF5D00CFBCC3 /* LaunchScreen.storyboard in Resources */ = {isa = PBXBuildFile; fileRef = 88E59D131DDCBF5D00CFBCC3 /* LaunchScreen.storyboard */; };
		88E59D201DDCBF5E00CFBCC3 /* Stress_KillerTests.swift in Sources */ = {isa = PBXBuildFile; fileRef = 88E59D1F1DDCBF5E00CFBCC3 /* Stress_KillerTests.swift */; };
		88E59D2B1DDCBF5E00CFBCC3 /* Stress_KillerUITests.swift in Sources */ = {isa = PBXBuildFile; fileRef = 88E59D2A1DDCBF5E00CFBCC3 /* Stress_KillerUITests.swift */; };
		88E59D3B1DDE477C00CFBCC3 /* testStress.swift in Sources */ = {isa = PBXBuildFile; fileRef = 88E59D3A1DDE477C00CFBCC3 /* testStress.swift */; };
		88E59D3D1DDEAB1900CFBCC3 /* musicListen.swift in Sources */ = {isa = PBXBuildFile; fileRef = 88E59D3C1DDEAB1900CFBCC3 /* musicListen.swift */; };
		88E59D3F1DDEADD000CFBCC3 /* MusicMan.mp3 in Resources */ = {isa = PBXBuildFile; fileRef = 88E59D3E1DDEADD000CFBCC3 /* MusicMan.mp3 */; };
		88E59D421DDEAEDA00CFBCC3 /* AVFoundation.framework in Frameworks */ = {isa = PBXBuildFile; fileRef = 88E59D411DDEAEDA00CFBCC3 /* AVFoundation.framework */; };
		88E59D441DDEB5B100CFBCC3 /* laughOff.swift in Sources */ = {isa = PBXBuildFile; fileRef = 88E59D431DDEB5B000CFBCC3 /* laughOff.swift */; };
/* End PBXBuildFile section */

/* Begin PBXContainerItemProxy section */
		88E59D1C1DDCBF5E00CFBCC3 /* PBXContainerItemProxy */ = {
			isa = PBXContainerItemProxy;
			containerPortal = 88E59CFF1DDCBF5D00CFBCC3 /* Project object */;
			proxyType = 1;
			remoteGlobalIDString = 88E59D061DDCBF5D00CFBCC3;
			remoteInfo = "Stress Killer";
		};
		88E59D271DDCBF5E00CFBCC3 /* PBXContainerItemProxy */ = {
			isa = PBXContainerItemProxy;
			containerPortal = 88E59CFF1DDCBF5D00CFBCC3 /* Project object */;
			proxyType = 1;
			remoteGlobalIDString = 88E59D061DDCBF5D00CFBCC3;
			remoteInfo = "Stress Killer";
		};
/* End PBXContainerItemProxy section */

/* Begin PBXFileReference section */
		88536B091DEB6E94004E96D3 /* AddPostVC.swift */ = {isa = PBXFileReference; fileEncoding = 4; lastKnownFileType = sourcecode.swift; path = AddPostVC.swift; sourceTree = "<group>"; };
		88536B0B1DEB6EB4004E96D3 /* PostCell.swift */ = {isa = PBXFileReference; fileEncoding = 4; lastKnownFileType = sourcecode.swift; name = PostCell.swift; path = "/Users/rafsanchowdhury/Desktop/Another git test/Stress Killer/Stress Killer/PostCell.swift"; sourceTree = "<absolute>"; };
		88536B0D1DEB6EC2004E96D3 /* Post.swift */ = {isa = PBXFileReference; fileEncoding = 4; lastKnownFileType = sourcecode.swift; path = Post.swift; sourceTree = "<group>"; };
		88536B0F1DEB6ED1004E96D3 /* DataService.swift */ = {isa = PBXFileReference; fileEncoding = 4; lastKnownFileType = sourcecode.swift; path = DataService.swift; sourceTree = "<group>"; };
		88536B111DEB7268004E96D3 /* PersonalDiaryVC.swift */ = {isa = PBXFileReference; fileEncoding = 4; lastKnownFileType = sourcecode.swift; path = PersonalDiaryVC.swift; sourceTree = "<group>"; };
		888489BA1DF1F9FF00E4C7F7 /* excerciseVC.swift */ = {isa = PBXFileReference; fileEncoding = 4; lastKnownFileType = sourcecode.swift; path = excerciseVC.swift; sourceTree = "<group>"; };
		888489BC1DF1FDB700E4C7F7 /* gifFramework.swift */ = {isa = PBXFileReference; fileEncoding = 4; lastKnownFileType = sourcecode.swift; name = gifFramework.swift; path = ../../../../Downloads/gifFramework.swift; sourceTree = "<group>"; };
		888489BE1DF1FE4300E4C7F7 /* breath.gif */ = {isa = PBXFileReference; lastKnownFileType = image.gif; name = breath.gif; path = ../../../Downloads/breath.gif; sourceTree = "<group>"; };
		888489C01DF2193800E4C7F7 /* breathfold.gif */ = {isa = PBXFileReference; lastKnownFileType = image.gif; name = breathfold.gif; path = ../../../Downloads/breathfold.gif; sourceTree = "<group>"; };
		888489C41DF219B000E4C7F7 /* BreathFOLD(EX2).swift */ = {isa = PBXFileReference; fileEncoding = 4; lastKnownFileType = sourcecode.swift; path = "BreathFOLD(EX2).swift"; sourceTree = "<group>"; };
		888489C61DF229C800E4C7F7 /* 123.gif */ = {isa = PBXFileReference; lastKnownFileType = image.gif; name = 123.gif; path = ../../../Downloads/123.gif; sourceTree = "<group>"; };
		88E59D071DDCBF5D00CFBCC3 /* Destrify.app */ = {isa = PBXFileReference; explicitFileType = wrapper.application; includeInIndex = 0; path = Destrify.app; sourceTree = BUILT_PRODUCTS_DIR; };
		88E59D0A1DDCBF5D00CFBCC3 /* AppDelegate.swift */ = {isa = PBXFileReference; lastKnownFileType = sourcecode.swift; path = AppDelegate.swift; sourceTree = "<group>"; };
		88E59D0C1DDCBF5D00CFBCC3 /* ViewController.swift */ = {isa = PBXFileReference; lastKnownFileType = sourcecode.swift; path = ViewController.swift; sourceTree = "<group>"; };
		88E59D0F1DDCBF5D00CFBCC3 /* Base */ = {isa = PBXFileReference; lastKnownFileType = file.storyboard; name = Base; path = Base.lproj/Main.storyboard; sourceTree = "<group>"; };
		88E59D111DDCBF5D00CFBCC3 /* Assets.xcassets */ = {isa = PBXFileReference; lastKnownFileType = folder.assetcatalog; path = Assets.xcassets; sourceTree = "<group>"; };
		88E59D141DDCBF5D00CFBCC3 /* Base */ = {isa = PBXFileReference; lastKnownFileType = file.storyboard; name = Base; path = Base.lproj/LaunchScreen.storyboard; sourceTree = "<group>"; };
		88E59D161DDCBF5D00CFBCC3 /* Info.plist */ = {isa = PBXFileReference; lastKnownFileType = text.plist.xml; path = Info.plist; sourceTree = "<group>"; };
		88E59D1B1DDCBF5E00CFBCC3 /* Stress KillerTests.xctest */ = {isa = PBXFileReference; explicitFileType = wrapper.cfbundle; includeInIndex = 0; path = "Stress KillerTests.xctest"; sourceTree = BUILT_PRODUCTS_DIR; };
		88E59D1F1DDCBF5E00CFBCC3 /* Stress_KillerTests.swift */ = {isa = PBXFileReference; lastKnownFileType = sourcecode.swift; path = Stress_KillerTests.swift; sourceTree = "<group>"; };
		88E59D211DDCBF5E00CFBCC3 /* Info.plist */ = {isa = PBXFileReference; lastKnownFileType = text.plist.xml; path = Info.plist; sourceTree = "<group>"; };
		88E59D261DDCBF5E00CFBCC3 /* Stress KillerUITests.xctest */ = {isa = PBXFileReference; explicitFileType = wrapper.cfbundle; includeInIndex = 0; path = "Stress KillerUITests.xctest"; sourceTree = BUILT_PRODUCTS_DIR; };
		88E59D2A1DDCBF5E00CFBCC3 /* Stress_KillerUITests.swift */ = {isa = PBXFileReference; lastKnownFileType = sourcecode.swift; path = Stress_KillerUITests.swift; sourceTree = "<group>"; };
		88E59D2C1DDCBF5E00CFBCC3 /* Info.plist */ = {isa = PBXFileReference; lastKnownFileType = text.plist.xml; path = Info.plist; sourceTree = "<group>"; };
		88E59D3A1DDE477C00CFBCC3 /* testStress.swift */ = {isa = PBXFileReference; fileEncoding = 4; lastKnownFileType = sourcecode.swift; path = testStress.swift; sourceTree = "<group>"; };
		88E59D3C1DDEAB1900CFBCC3 /* musicListen.swift */ = {isa = PBXFileReference; fileEncoding = 4; lastKnownFileType = sourcecode.swift; path = musicListen.swift; sourceTree = "<group>"; };
		88E59D3E1DDEADD000CFBCC3 /* MusicMan.mp3 */ = {isa = PBXFileReference; lastKnownFileType = audio.mp3; path = MusicMan.mp3; sourceTree = "<group>"; };
		88E59D411DDEAEDA00CFBCC3 /* AVFoundation.framework */ = {isa = PBXFileReference; lastKnownFileType = wrapper.framework; name = AVFoundation.framework; path = System/Library/Frameworks/AVFoundation.framework; sourceTree = SDKROOT; };
		88E59D431DDEB5B000CFBCC3 /* laughOff.swift */ = {isa = PBXFileReference; fileEncoding = 4; lastKnownFileType = sourcecode.swift; name = laughOff.swift; path = ../laughOff.swift; sourceTree = "<group>"; };
/* End PBXFileReference section */

/* Begin PBXFrameworksBuildPhase section */
		88E59D041DDCBF5D00CFBCC3 /* Frameworks */ = {
			isa = PBXFrameworksBuildPhase;
			buildActionMask = 2147483647;
			files = (
				88E59D421DDEAEDA00CFBCC3 /* AVFoundation.framework in Frameworks */,
			);
			runOnlyForDeploymentPostprocessing = 0;
		};
		88E59D181DDCBF5E00CFBCC3 /* Frameworks */ = {
			isa = PBXFrameworksBuildPhase;
			buildActionMask = 2147483647;
			files = (
			);
			runOnlyForDeploymentPostprocessing = 0;
		};
		88E59D231DDCBF5E00CFBCC3 /* Frameworks */ = {
			isa = PBXFrameworksBuildPhase;
			buildActionMask = 2147483647;
			files = (
			);
			runOnlyForDeploymentPostprocessing = 0;
		};
/* End PBXFrameworksBuildPhase section */

/* Begin PBXGroup section */
		88536B021DEB6932004E96D3 /* PersonalDiary VC,Classes */ = {
			isa = PBXGroup;
			children = (
				88536B081DEB6E4F004E96D3 /* Controller */,
				88536B071DEB6E4A004E96D3 /* View */,
				88536B061DEB6E44004E96D3 /* Model */,
				88536B051DEB6E38004E96D3 /* Services */,
			);
			name = "PersonalDiary VC,Classes";
			path = "Stress Killer";
			sourceTree = "<group>";
		};
		88536B051DEB6E38004E96D3 /* Services */ = {
			isa = PBXGroup;
			children = (
				88536B0F1DEB6ED1004E96D3 /* DataService.swift */,
			);
			name = Services;
			sourceTree = "<group>";
		};
		88536B061DEB6E44004E96D3 /* Model */ = {
			isa = PBXGroup;
			children = (
				88536B0D1DEB6EC2004E96D3 /* Post.swift */,
			);
			name = Model;
			sourceTree = "<group>";
		};
		88536B071DEB6E4A004E96D3 /* View */ = {
			isa = PBXGroup;
			children = (
				88536B0B1DEB6EB4004E96D3 /* PostCell.swift */,
			);
			name = View;
			sourceTree = "<group>";
		};
		88536B081DEB6E4F004E96D3 /* Controller */ = {
			isa = PBXGroup;
			children = (
				88536B111DEB7268004E96D3 /* PersonalDiaryVC.swift */,
				88536B091DEB6E94004E96D3 /* AddPostVC.swift */,
			);
			name = Controller;
			sourceTree = "<group>";
		};
		888489C31DF2197200E4C7F7 /* Excercise Techniques GIF's */ = {
			isa = PBXGroup;
			children = (
				888489BE1DF1FE4300E4C7F7 /* breath.gif */,
				888489C01DF2193800E4C7F7 /* breathfold.gif */,
				888489C61DF229C800E4C7F7 /* 123.gif */,
			);
			name = "Excercise Techniques GIF's";
			sourceTree = "<group>";
		};
		88E59CFE1DDCBF5D00CFBCC3 = {
			isa = PBXGroup;
			children = (
				888489C31DF2197200E4C7F7 /* Excercise Techniques GIF's */,
				88E59D411DDEAEDA00CFBCC3 /* AVFoundation.framework */,
				88E59D091DDCBF5D00CFBCC3 /* Stress Killer */,
				88E59D1E1DDCBF5E00CFBCC3 /* Stress KillerTests */,
				88E59D291DDCBF5E00CFBCC3 /* Stress KillerUITests */,
				88E59D081DDCBF5D00CFBCC3 /* Products */,
				88536B021DEB6932004E96D3 /* PersonalDiary VC,Classes */,
			);
			sourceTree = "<group>";
		};
		88E59D081DDCBF5D00CFBCC3 /* Products */ = {
			isa = PBXGroup;
			children = (
				88E59D071DDCBF5D00CFBCC3 /* Destrify.app */,
				88E59D1B1DDCBF5E00CFBCC3 /* Stress KillerTests.xctest */,
				88E59D261DDCBF5E00CFBCC3 /* Stress KillerUITests.xctest */,
			);
			name = Products;
			sourceTree = "<group>";
		};
		88E59D091DDCBF5D00CFBCC3 /* Stress Killer */ = {
			isa = PBXGroup;
			children = (
				888489BC1DF1FDB700E4C7F7 /* gifFramework.swift */,
				88E59D0A1DDCBF5D00CFBCC3 /* AppDelegate.swift */,
				88E59D0C1DDCBF5D00CFBCC3 /* ViewController.swift */,
				88E59D0E1DDCBF5D00CFBCC3 /* Main.storyboard */,
				88E59D111DDCBF5D00CFBCC3 /* Assets.xcassets */,
				88E59D131DDCBF5D00CFBCC3 /* LaunchScreen.storyboard */,
				88E59D161DDCBF5D00CFBCC3 /* Info.plist */,
				88E59D3E1DDEADD000CFBCC3 /* MusicMan.mp3 */,
				88E59D431DDEB5B000CFBCC3 /* laughOff.swift */,
				88E59D3A1DDE477C00CFBCC3 /* testStress.swift */,
				88E59D3C1DDEAB1900CFBCC3 /* musicListen.swift */,
				888489BA1DF1F9FF00E4C7F7 /* excerciseVC.swift */,
				888489C41DF219B000E4C7F7 /* BreathFOLD(EX2).swift */,
			);
			path = "Stress Killer";
			sourceTree = "<group>";
		};
		88E59D1E1DDCBF5E00CFBCC3 /* Stress KillerTests */ = {
			isa = PBXGroup;
			children = (
				88E59D1F1DDCBF5E00CFBCC3 /* Stress_KillerTests.swift */,
				88E59D211DDCBF5E00CFBCC3 /* Info.plist */,
			);
			path = "Stress KillerTests";
			sourceTree = "<group>";
		};
		88E59D291DDCBF5E00CFBCC3 /* Stress KillerUITests */ = {
			isa = PBXGroup;
			children = (
				88E59D2A1DDCBF5E00CFBCC3 /* Stress_KillerUITests.swift */,
				88E59D2C1DDCBF5E00CFBCC3 /* Info.plist */,
			);
			path = "Stress KillerUITests";
			sourceTree = "<group>";
		};
/* End PBXGroup section */

/* Begin PBXNativeTarget section */
		88E59D061DDCBF5D00CFBCC3 /* Stress Killer */ = {
			isa = PBXNativeTarget;
			buildConfigurationList = 88E59D2F1DDCBF5E00CFBCC3 /* Build configuration list for PBXNativeTarget "Stress Killer" */;
			buildPhases = (
				88E59D031DDCBF5D00CFBCC3 /* Sources */,
				88E59D041DDCBF5D00CFBCC3 /* Frameworks */,
				88E59D051DDCBF5D00CFBCC3 /* Resources */,
			);
			buildRules = (
			);
			dependencies = (
			);
			name = "Stress Killer";
			productName = "Stress Killer";
			productReference = 88E59D071DDCBF5D00CFBCC3 /* Destrify.app */;
			productType = "com.apple.product-type.application";
		};
		88E59D1A1DDCBF5E00CFBCC3 /* Stress KillerTests */ = {
			isa = PBXNativeTarget;
			buildConfigurationList = 88E59D321DDCBF5E00CFBCC3 /* Build configuration list for PBXNativeTarget "Stress KillerTests" */;
			buildPhases = (
				88E59D171DDCBF5E00CFBCC3 /* Sources */,
				88E59D181DDCBF5E00CFBCC3 /* Frameworks */,
				88E59D191DDCBF5E00CFBCC3 /* Resources */,
			);
			buildRules = (
			);
			dependencies = (
				88E59D1D1DDCBF5E00CFBCC3 /* PBXTargetDependency */,
			);
			name = "Stress KillerTests";
			productName = "Stress KillerTests";
			productReference = 88E59D1B1DDCBF5E00CFBCC3 /* Stress KillerTests.xctest */;
			productType = "com.apple.product-type.bundle.unit-test";
		};
		88E59D251DDCBF5E00CFBCC3 /* Stress KillerUITests */ = {
			isa = PBXNativeTarget;
			buildConfigurationList = 88E59D351DDCBF5E00CFBCC3 /* Build configuration list for PBXNativeTarget "Stress KillerUITests" */;
			buildPhases = (
				88E59D221DDCBF5E00CFBCC3 /* Sources */,
				88E59D231DDCBF5E00CFBCC3 /* Frameworks */,
				88E59D241DDCBF5E00CFBCC3 /* Resources */,
			);
			buildRules = (
			);
			dependencies = (
				88E59D281DDCBF5E00CFBCC3 /* PBXTargetDependency */,
			);
			name = "Stress KillerUITests";
			productName = "Stress KillerUITests";
			productReference = 88E59D261DDCBF5E00CFBCC3 /* Stress KillerUITests.xctest */;
			productType = "com.apple.product-type.bundle.ui-testing";
		};
/* End PBXNativeTarget section */

/* Begin PBXProject section */
		88E59CFF1DDCBF5D00CFBCC3 /* Project object */ = {
			isa = PBXProject;
			attributes = {
				LastSwiftUpdateCheck = 0720;
				LastUpgradeCheck = 0720;
				ORGANIZATIONNAME = Mcraf;
				TargetAttributes = {
					88E59D061DDCBF5D00CFBCC3 = {
						CreatedOnToolsVersion = 7.2.1;
					};
					88E59D1A1DDCBF5E00CFBCC3 = {
						CreatedOnToolsVersion = 7.2.1;
						TestTargetID = 88E59D061DDCBF5D00CFBCC3;
					};
					88E59D251DDCBF5E00CFBCC3 = {
						CreatedOnToolsVersion = 7.2.1;
						TestTargetID = 88E59D061DDCBF5D00CFBCC3;
					};
				};
			};
			buildConfigurationList = 88E59D021DDCBF5D00CFBCC3 /* Build configuration list for PBXProject "Stress Killer" */;
			compatibilityVersion = "Xcode 3.2";
			developmentRegion = English;
			hasScannedForEncodings = 0;
			knownRegions = (
				en,
				Base,
			);
			mainGroup = 88E59CFE1DDCBF5D00CFBCC3;
			productRefGroup = 88E59D081DDCBF5D00CFBCC3 /* Products */;
			projectDirPath = "";
			projectRoot = "";
			targets = (
				88E59D061DDCBF5D00CFBCC3 /* Stress Killer */,
				88E59D1A1DDCBF5E00CFBCC3 /* Stress KillerTests */,
				88E59D251DDCBF5E00CFBCC3 /* Stress KillerUITests */,
			);
		};
/* End PBXProject section */

/* Begin PBXResourcesBuildPhase section */
		88E59D051DDCBF5D00CFBCC3 /* Resources */ = {
			isa = PBXResourcesBuildPhase;
			buildActionMask = 2147483647;
			files = (
				88E59D151DDCBF5D00CFBCC3 /* LaunchScreen.storyboard in Resources */,
				888489C11DF2193800E4C7F7 /* breathfold.gif in Resources */,
				88E59D3F1DDEADD000CFBCC3 /* MusicMan.mp3 in Resources */,
				88E59D121DDCBF5D00CFBCC3 /* Assets.xcassets in Resources */,
				888489C71DF229C900E4C7F7 /* 123.gif in Resources */,
				88E59D101DDCBF5D00CFBCC3 /* Main.storyboard in Resources */,
				888489BF1DF1FE4300E4C7F7 /* breath.gif in Resources */,
			);
			runOnlyForDeploymentPostprocessing = 0;
		};
		88E59D191DDCBF5E00CFBCC3 /* Resources */ = {
			isa = PBXResourcesBuildPhase;
			buildActionMask = 2147483647;
			files = (
			);
			runOnlyForDeploymentPostprocessing = 0;
		};
		88E59D241DDCBF5E00CFBCC3 /* Resources */ = {
			isa = PBXResourcesBuildPhase;
			buildActionMask = 2147483647;
			files = (
			);
			runOnlyForDeploymentPostprocessing = 0;
		};
/* End PBXResourcesBuildPhase section */

/* Begin PBXSourcesBuildPhase section */
		88E59D031DDCBF5D00CFBCC3 /* Sources */ = {
			isa = PBXSourcesBuildPhase;
			buildActionMask = 2147483647;
			files = (
				88536B0A1DEB6E94004E96D3 /* AddPostVC.swift in Sources */,
				888489BD1DF1FDB700E4C7F7 /* gifFramework.swift in Sources */,
				88E59D3D1DDEAB1900CFBCC3 /* musicListen.swift in Sources */,
				88E59D441DDEB5B100CFBCC3 /* laughOff.swift in Sources */,
				88E59D0D1DDCBF5D00CFBCC3 /* ViewController.swift in Sources */,
				88E59D0B1DDCBF5D00CFBCC3 /* AppDelegate.swift in Sources */,
				888489C51DF219B000E4C7F7 /* BreathFOLD(EX2).swift in Sources */,
				88536B0E1DEB6EC2004E96D3 /* Post.swift in Sources */,
				888489BB1DF1F9FF00E4C7F7 /* excerciseVC.swift in Sources */,
				88536B121DEB7268004E96D3 /* PersonalDiaryVC.swift in Sources */,
				88E59D3B1DDE477C00CFBCC3 /* testStress.swift in Sources */,
				88536B0C1DEB6EB4004E96D3 /* PostCell.swift in Sources */,
				88536B101DEB6ED1004E96D3 /* DataService.swift in Sources */,
			);
			runOnlyForDeploymentPostprocessing = 0;
		};
		88E59D171DDCBF5E00CFBCC3 /* Sources */ = {
			isa = PBXSourcesBuildPhase;
			buildActionMask = 2147483647;
			files = (
				88E59D201DDCBF5E00CFBCC3 /* Stress_KillerTests.swift in Sources */,
			);
			runOnlyForDeploymentPostprocessing = 0;
		};
		88E59D221DDCBF5E00CFBCC3 /* Sources */ = {
			isa = PBXSourcesBuildPhase;
			buildActionMask = 2147483647;
			files = (
				88E59D2B1DDCBF5E00CFBCC3 /* Stress_KillerUITests.swift in Sources */,
			);
			runOnlyForDeploymentPostprocessing = 0;
		};
/* End PBXSourcesBuildPhase section */

/* Begin PBXTargetDependency section */
		88E59D1D1DDCBF5E00CFBCC3 /* PBXTargetDependency */ = {
			isa = PBXTargetDependency;
			target = 88E59D061DDCBF5D00CFBCC3 /* Stress Killer */;
			targetProxy = 88E59D1C1DDCBF5E00CFBCC3 /* PBXContainerItemProxy */;
		};
		88E59D281DDCBF5E00CFBCC3 /* PBXTargetDependency */ = {
			isa = PBXTargetDependency;
			target = 88E59D061DDCBF5D00CFBCC3 /* Stress Killer */;
			targetProxy = 88E59D271DDCBF5E00CFBCC3 /* PBXContainerItemProxy */;
		};
/* End PBXTargetDependency section */

/* Begin PBXVariantGroup section */
		88E59D0E1DDCBF5D00CFBCC3 /* Main.storyboard */ = {
			isa = PBXVariantGroup;
			children = (
				88E59D0F1DDCBF5D00CFBCC3 /* Base */,
			);
			name = Main.storyboard;
			sourceTree = "<group>";
		};
		88E59D131DDCBF5D00CFBCC3 /* LaunchScreen.storyboard */ = {
			isa = PBXVariantGroup;
			children = (
				88E59D141DDCBF5D00CFBCC3 /* Base */,
			);
			name = LaunchScreen.storyboard;
			sourceTree = "<group>";
		};
/* End PBXVariantGroup section */

/* Begin XCBuildConfiguration section */
		88E59D2D1DDCBF5E00CFBCC3 /* Debug */ = {
			isa = XCBuildConfiguration;
			buildSettings = {
				ALWAYS_SEARCH_USER_PATHS = NO;
				CLANG_CXX_LANGUAGE_STANDARD = "gnu++0x";
				CLANG_CXX_LIBRARY = "libc++";
				CLANG_ENABLE_MODULES = YES;
				CLANG_ENABLE_OBJC_ARC = YES;
				CLANG_WARN_BOOL_CONVERSION = YES;
				CLANG_WARN_CONSTANT_CONVERSION = YES;
				CLANG_WARN_DIRECT_OBJC_ISA_USAGE = YES_ERROR;
				CLANG_WARN_EMPTY_BODY = YES;
				CLANG_WARN_ENUM_CONVERSION = YES;
				CLANG_WARN_INT_CONVERSION = YES;
				CLANG_WARN_OBJC_ROOT_CLASS = YES_ERROR;
				CLANG_WARN_UNREACHABLE_CODE = YES;
				CLANG_WARN__DUPLICATE_METHOD_MATCH = YES;
				"CODE_SIGN_IDENTITY[sdk=iphoneos*]" = "iPhone Developer";
				COPY_PHASE_STRIP = NO;
				DEBUG_INFORMATION_FORMAT = dwarf;
				ENABLE_STRICT_OBJC_MSGSEND = YES;
				ENABLE_TESTABILITY = YES;
				GCC_C_LANGUAGE_STANDARD = gnu99;
				GCC_DYNAMIC_NO_PIC = NO;
				GCC_NO_COMMON_BLOCKS = YES;
				GCC_OPTIMIZATION_LEVEL = 0;
				GCC_PREPROCESSOR_DEFINITIONS = (
					"DEBUG=1",
					"$(inherited)",
				);
				GCC_WARN_64_TO_32_BIT_CONVERSION = YES;
				GCC_WARN_ABOUT_RETURN_TYPE = YES_ERROR;
				GCC_WARN_UNDECLARED_SELECTOR = YES;
				GCC_WARN_UNINITIALIZED_AUTOS = YES_AGGRESSIVE;
				GCC_WARN_UNUSED_FUNCTION = YES;
				GCC_WARN_UNUSED_VARIABLE = YES;
				IPHONEOS_DEPLOYMENT_TARGET = 9.2;
				MTL_ENABLE_DEBUG_INFO = YES;
				ONLY_ACTIVE_ARCH = YES;
				PRODUCT_NAME = "$(TARGET_NAME)";
				SDKROOT = iphoneos;
				SWIFT_OPTIMIZATION_LEVEL = "-Onone";
				TARGETED_DEVICE_FAMILY = "1,2";
			};
			name = Debug;
		};
		88E59D2E1DDCBF5E00CFBCC3 /* Release */ = {
			isa = XCBuildConfiguration;
			buildSettings = {
				ALWAYS_SEARCH_USER_PATHS = NO;
				CLANG_CXX_LANGUAGE_STANDARD = "gnu++0x";
				CLANG_CXX_LIBRARY = "libc++";
				CLANG_ENABLE_MODULES = YES;
				CLANG_ENABLE_OBJC_ARC = YES;
				CLANG_WARN_BOOL_CONVERSION = YES;
				CLANG_WARN_CONSTANT_CONVERSION = YES;
				CLANG_WARN_DIRECT_OBJC_ISA_USAGE = YES_ERROR;
				CLANG_WARN_EMPTY_BODY = YES;
				CLANG_WARN_ENUM_CONVERSION = YES;
				CLANG_WARN_INT_CONVERSION = YES;
				CLANG_WARN_OBJC_ROOT_CLASS = YES_ERROR;
				CLANG_WARN_UNREACHABLE_CODE = YES;
				CLANG_WARN__DUPLICATE_METHOD_MATCH = YES;
				"CODE_SIGN_IDENTITY[sdk=iphoneos*]" = "iPhone Developer";
				COPY_PHASE_STRIP = NO;
				DEBUG_INFORMATION_FORMAT = "dwarf-with-dsym";
				ENABLE_NS_ASSERTIONS = NO;
				ENABLE_STRICT_OBJC_MSGSEND = YES;
				GCC_C_LANGUAGE_STANDARD = gnu99;
				GCC_NO_COMMON_BLOCKS = YES;
				GCC_WARN_64_TO_32_BIT_CONVERSION = YES;
				GCC_WARN_ABOUT_RETURN_TYPE = YES_ERROR;
				GCC_WARN_UNDECLARED_SELECTOR = YES;
				GCC_WARN_UNINITIALIZED_AUTOS = YES_AGGRESSIVE;
				GCC_WARN_UNUSED_FUNCTION = YES;
				GCC_WARN_UNUSED_VARIABLE = YES;
				IPHONEOS_DEPLOYMENT_TARGET = 9.2;
				MTL_ENABLE_DEBUG_INFO = NO;
				PRODUCT_NAME = "$(TARGET_NAME)";
				SDKROOT = iphoneos;
				TARGETED_DEVICE_FAMILY = "1,2";
				VALIDATE_PRODUCT = YES;
			};
			name = Release;
		};
		88E59D301DDCBF5E00CFBCC3 /* Debug */ = {
			isa = XCBuildConfiguration;
			buildSettings = {
				ASSETCATALOG_COMPILER_APPICON_NAME = AppIcon;
				INFOPLIST_FILE = "Stress Killer/Info.plist";
				LD_RUNPATH_SEARCH_PATHS = "$(inherited) @executable_path/Frameworks";
				PRODUCT_BUNDLE_IDENTIFIER = "com.Mcraf.Stress-Killer";
				PRODUCT_NAME = Destrify;
				TARGETED_DEVICE_FAMILY = "1,2";
			};
			name = Debug;
		};
		88E59D311DDCBF5E00CFBCC3 /* Release */ = {
			isa = XCBuildConfiguration;
			buildSettings = {
				ASSETCATALOG_COMPILER_APPICON_NAME = AppIcon;
				INFOPLIST_FILE = "Stress Killer/Info.plist";
				LD_RUNPATH_SEARCH_PATHS = "$(inherited) @executable_path/Frameworks";
				PRODUCT_BUNDLE_IDENTIFIER = "com.Mcraf.Stress-Killer";
				PRODUCT_NAME = Destrify;
				TARGETED_DEVICE_FAMILY = "1,2";
			};
			name = Release;
		};
		88E59D331DDCBF5E00CFBCC3 /* Debug */ = {
			isa = XCBuildConfiguration;
			buildSettings = {
				BUNDLE_LOADER = "$(TEST_HOST)";
				INFOPLIST_FILE = "Stress KillerTests/Info.plist";
				LD_RUNPATH_SEARCH_PATHS = "$(inherited) @executable_path/Frameworks @loader_path/Frameworks";
				PRODUCT_BUNDLE_IDENTIFIER = "com.Mcraf.Stress-KillerTests";
				PRODUCT_NAME = "$(TARGET_NAME)";
				TEST_HOST = "$(BUILT_PRODUCTS_DIR)/Stress Killer.app/Stress Killer";
			};
			name = Debug;
		};
		88E59D341DDCBF5E00CFBCC3 /* Release */ = {
			isa = XCBuildConfiguration;
			buildSettings = {
				BUNDLE_LOADER = "$(TEST_HOST)";
				INFOPLIST_FILE = "Stress KillerTests/Info.plist";
				LD_RUNPATH_SEARCH_PATHS = "$(inherited) @executable_path/Frameworks @loader_path/Frameworks";
				PRODUCT_BUNDLE_IDENTIFIER = "com.Mcraf.Stress-KillerTests";
				PRODUCT_NAME = "$(TARGET_NAME)";
				TEST_HOST = "$(BUILT_PRODUCTS_DIR)/Stress Killer.app/Stress Killer";
			};
			name = Release;
		};
		88E59D361DDCBF5E00CFBCC3 /* Debug */ = {
			isa = XCBuildConfiguration;
			buildSettings = {
				INFOPLIST_FILE = "Stress KillerUITests/Info.plist";
				LD_RUNPATH_SEARCH_PATHS = "$(inherited) @executable_path/Frameworks @loader_path/Frameworks";
				PRODUCT_BUNDLE_IDENTIFIER = "com.Mcraf.Stress-KillerUITests";
				PRODUCT_NAME = "$(TARGET_NAME)";
				TEST_TARGET_NAME = "Stress Killer";
				USES_XCTRUNNER = YES;
			};
			name = Debug;
		};
		88E59D371DDCBF5E00CFBCC3 /* Release */ = {
			isa = XCBuildConfiguration;
			buildSettings = {
				INFOPLIST_FILE = "Stress KillerUITests/Info.plist";
				LD_RUNPATH_SEARCH_PATHS = "$(inherited) @executable_path/Frameworks @loader_path/Frameworks";
				PRODUCT_BUNDLE_IDENTIFIER = "com.Mcraf.Stress-KillerUITests";
				PRODUCT_NAME = "$(TARGET_NAME)";
				TEST_TARGET_NAME = "Stress Killer";
				USES_XCTRUNNER = YES;
			};
			name = Release;
		};
/* End XCBuildConfiguration section */

/* Begin XCConfigurationList section */
		88E59D021DDCBF5D00CFBCC3 /* Build configuration list for PBXProject "Stress Killer" */ = {
			isa = XCConfigurationList;
			buildConfigurations = (
				88E59D2D1DDCBF5E00CFBCC3 /* Debug */,
				88E59D2E1DDCBF5E00CFBCC3 /* Release */,
			);
			defaultConfigurationIsVisible = 0;
			defaultConfigurationName = Release;
		};
		88E59D2F1DDCBF5E00CFBCC3 /* Build configuration list for PBXNativeTarget "Stress Killer" */ = {
			isa = XCConfigurationList;
			buildConfigurations = (
				88E59D301DDCBF5E00CFBCC3 /* Debug */,
				88E59D311DDCBF5E00CFBCC3 /* Release */,
			);
			defaultConfigurationIsVisible = 0;
			defaultConfigurationName = Release;
		};
		88E59D321DDCBF5E00CFBCC3 /* Build configuration list for PBXNativeTarget "Stress KillerTests" */ = {
			isa = XCConfigurationList;
			buildConfigurations = (
				88E59D331DDCBF5E00CFBCC3 /* Debug */,
				88E59D341DDCBF5E00CFBCC3 /* Release */,
			);
			defaultConfigurationIsVisible = 0;
			defaultConfigurationName = Release;
		};
		88E59D351DDCBF5E00CFBCC3 /* Build configuration list for PBXNativeTarget "Stress KillerUITests" */ = {
			isa = XCConfigurationList;
			buildConfigurations = (
				88E59D361DDCBF5E00CFBCC3 /* Debug */,
				88E59D371DDCBF5E00CFBCC3 /* Release */,
			);
			defaultConfigurationIsVisible = 0;
			defaultConfigurationName = Release;
		};
/* End XCConfigurationList section */
	};
	rootObject = 88E59CFF1DDCBF5D00CFBCC3 /* Project object */;
}
